
Microsoft Visual Studio Solution File, Format Version 12.00
# Visual Studio Version 17
VisualStudioVersion = 17.0.32014.148
MinimumVisualStudioVersion = 10.0.40219.1
Project("{FAE04EC0-301F-11D3-BF4B-00C04F79EFBC}") = "BTL", "BTL\BTL.csproj", "{D0821F0E-9A74-4AC7-9013-78FE09CA9541}"
EndProject
Global
	GlobalSection(SolutionConfigurationPlatforms) = preSolution
		Debug|Any CPU = Debug|Any CPU
		Release|Any CPU = Release|Any CPU
	EndGlobalSection
	GlobalSection(ProjectConfigurationPlatforms) = postSolution
		{D0821F0E-9A74-4AC7-9013-78FE09CA9541}.Debug|Any CPU.ActiveCfg = Debug|Any CPU
		{D0821F0E-9A74-4AC7-9013-78FE09CA9541}.Debug|Any CPU.Build.0 = Debug|Any CPU
		{D0821F0E-9A74-4AC7-9013-78FE09CA9541}.Release|Any CPU.ActiveCfg = Release|Any CPU
		{D0821F0E-9A74-4AC7-9013-78FE09CA9541}.Release|Any CPU.Build.0 = Release|Any CPU
	EndGlobalSection
	GlobalSection(SolutionProperties) = preSolution
		HideSolutionNode = FALSE
	EndGlobalSection
	GlobalSection(ExtensibilityGlobals) = postSolution
		SolutionGuid = {40A5D40E-0A5D-4C02-AD17-E2C99F7DB32F}
	EndGlobalSection
EndGlobal
